
Microsoft Visual Studio Solution File, Format Version 12.00
# Visual Studio Version 17
VisualStudioVersion = 17.6.33723.286
MinimumVisualStudioVersion = 10.0.40219.1
Project("{9A19103F-16F7-4668-BE54-9A1E7A4F7556}") = "Iportfolio", "Iportfolio\Iportfolio.csproj", "{9AE73D38-ECC1-4632-85CA-C0B4A8A55680}"
EndProject
Global
	GlobalSection(SolutionConfigurationPlatforms) = preSolution
		Debug|Any CPU = Debug|Any CPU
		Release|Any CPU = Release|Any CPU
	EndGlobalSection
	GlobalSection(ProjectConfigurationPlatforms) = postSolution
		{9AE73D38-ECC1-4632-85CA-C0B4A8A55680}.Debug|Any CPU.ActiveCfg = Debug|Any CPU
		{9AE73D38-ECC1-4632-85CA-C0B4A8A55680}.Debug|Any CPU.Build.0 = Debug|Any CPU
		{9AE73D38-ECC1-4632-85CA-C0B4A8A55680}.Release|Any CPU.ActiveCfg = Release|Any CPU
		{9AE73D38-ECC1-4632-85CA-C0B4A8A55680}.Release|Any CPU.Build.0 = Release|Any CPU
	EndGlobalSection
	GlobalSection(SolutionProperties) = preSolution
		HideSolutionNode = FALSE
	EndGlobalSection
	GlobalSection(ExtensibilityGlobals) = postSolution
		SolutionGuid = {823F098F-E241-419F-A101-3F98B944887B}
	EndGlobalSection
EndGlobal
